
Microsoft Visual Studio Solution File, Format Version 12.00
# Visual Studio 15
VisualStudioVersion = 15.0.26730.10
MinimumVisualStudioVersion = 10.0.40219.1
Project("{FAE04EC0-301F-11D3-BF4B-00C04F79EFBC}") = "moeBot", "moeBot\moeBot.csproj", "{20D01278-C6DC-437C-B8FE-5FF1ED9B0038}"
EndProject
Project("{FAE04EC0-301F-11D3-BF4B-00C04F79EFBC}") = "moeInterface", "moeInterface\moeInterface.csproj", "{820A07B2-4985-4955-B3B1-D298A18D1D09}"
EndProject
Project("{FAE04EC0-301F-11D3-BF4B-00C04F79EFBC}") = "moePlugin", "moePlugin\moePlugin.csproj", "{E0A141A0-B376-4F0D-937E-1A0E43142EC8}"
EndProject
Global
	GlobalSection(SolutionConfigurationPlatforms) = preSolution
		Debug|Any CPU = Debug|Any CPU
		Debug|ARM = Debug|ARM
		Debug|x64 = Debug|x64
		Debug|x86 = Debug|x86
		Release|Any CPU = Release|Any CPU
		Release|ARM = Release|ARM
		Release|x64 = Release|x64
		Release|x86 = Release|x86
	EndGlobalSection
	GlobalSection(ProjectConfigurationPlatforms) = postSolution
		{20D01278-C6DC-437C-B8FE-5FF1ED9B0038}.Debug|Any CPU.ActiveCfg = Debug|Any CPU
		{20D01278-C6DC-437C-B8FE-5FF1ED9B0038}.Debug|Any CPU.Build.0 = Debug|Any CPU
		{20D01278-C6DC-437C-B8FE-5FF1ED9B0038}.Debug|ARM.ActiveCfg = Debug|Any CPU
		{20D01278-C6DC-437C-B8FE-5FF1ED9B0038}.Debug|ARM.Build.0 = Debug|Any CPU
		{20D01278-C6DC-437C-B8FE-5FF1ED9B0038}.Debug|x64.ActiveCfg = Debug|Any CPU
		{20D01278-C6DC-437C-B8FE-5FF1ED9B0038}.Debug|x64.Build.0 = Debug|Any CPU
		{20D01278-C6DC-437C-B8FE-5FF1ED9B0038}.Debug|x86.ActiveCfg = Debug|Any CPU
		{20D01278-C6DC-437C-B8FE-5FF1ED9B0038}.Debug|x86.Build.0 = Debug|Any CPU
		{20D01278-C6DC-437C-B8FE-5FF1ED9B0038}.Release|Any CPU.ActiveCfg = Release|Any CPU
		{20D01278-C6DC-437C-B8FE-5FF1ED9B0038}.Release|Any CPU.Build.0 = Release|Any CPU
		{20D01278-C6DC-437C-B8FE-5FF1ED9B0038}.Release|ARM.ActiveCfg = Release|Any CPU
		{20D01278-C6DC-437C-B8FE-5FF1ED9B0038}.Release|ARM.Build.0 = Release|Any CPU
		{20D01278-C6DC-437C-B8FE-5FF1ED9B0038}.Release|x64.ActiveCfg = Release|Any CPU
		{20D01278-C6DC-437C-B8FE-5FF1ED9B0038}.Release|x64.Build.0 = Release|Any CPU
		{20D01278-C6DC-437C-B8FE-5FF1ED9B0038}.Release|x86.ActiveCfg = Release|Any CPU
		{20D01278-C6DC-437C-B8FE-5FF1ED9B0038}.Release|x86.Build.0 = Release|Any CPU
		{820A07B2-4985-4955-B3B1-D298A18D1D09}.Debug|Any CPU.ActiveCfg = Debug|Any CPU
		{820A07B2-4985-4955-B3B1-D298A18D1D09}.Debug|Any CPU.Build.0 = Debug|Any CPU
		{820A07B2-4985-4955-B3B1-D298A18D1D09}.Debug|ARM.ActiveCfg = Debug|Any CPU
		{820A07B2-4985-4955-B3B1-D298A18D1D09}.Debug|ARM.Build.0 = Debug|Any CPU
		{820A07B2-4985-4955-B3B1-D298A18D1D09}.Debug|x64.ActiveCfg = Debug|Any CPU
		{820A07B2-4985-4955-B3B1-D298A18D1D09}.Debug|x64.Build.0 = Debug|Any CPU
		{820A07B2-4985-4955-B3B1-D298A18D1D09}.Debug|x86.ActiveCfg = Debug|Any CPU
		{820A07B2-4985-4955-B3B1-D298A18D1D09}.Debug|x86.Build.0 = Debug|Any CPU
		{820A07B2-4985-4955-B3B1-D298A18D1D09}.Release|Any CPU.ActiveCfg = Release|Any CPU
		{820A07B2-4985-4955-B3B1-D298A18D1D09}.Release|Any CPU.Build.0 = Release|Any CPU
		{820A07B2-4985-4955-B3B1-D298A18D1D09}.Release|ARM.ActiveCfg = Release|Any CPU
		{820A07B2-4985-4955-B3B1-D298A18D1D09}.Release|ARM.Build.0 = Release|Any CPU
		{820A07B2-4985-4955-B3B1-D298A18D1D09}.Release|x64.ActiveCfg = Release|Any CPU
		{820A07B2-4985-4955-B3B1-D298A18D1D09}.Release|x64.Build.0 = Release|Any CPU
		{820A07B2-4985-4955-B3B1-D298A18D1D09}.Release|x86.ActiveCfg = Release|Any CPU
		{820A07B2-4985-4955-B3B1-D298A18D1D09}.Release|x86.Build.0 = Release|Any CPU
		{E0A141A0-B376-4F0D-937E-1A0E43142EC8}.Debug|Any CPU.ActiveCfg = Debug|Any CPU
		{E0A141A0-B376-4F0D-937E-1A0E43142EC8}.Debug|Any CPU.Build.0 = Debug|Any CPU
		{E0A141A0-B376-4F0D-937E-1A0E43142EC8}.Debug|ARM.ActiveCfg = Debug|Any CPU
		{E0A141A0-B376-4F0D-937E-1A0E43142EC8}.Debug|ARM.Build.0 = Debug|Any CPU
		{E0A141A0-B376-4F0D-937E-1A0E43142EC8}.Debug|x64.ActiveCfg = Debug|Any CPU
		{E0A141A0-B376-4F0D-937E-1A0E43142EC8}.Debug|x64.Build.0 = Debug|Any CPU
		{E0A141A0-B376-4F0D-937E-1A0E43142EC8}.Debug|x86.ActiveCfg = Debug|Any CPU
		{E0A141A0-B376-4F0D-937E-1A0E43142EC8}.Debug|x86.Build.0 = Debug|Any CPU
		{E0A141A0-B376-4F0D-937E-1A0E43142EC8}.Release|Any CPU.ActiveCfg = Release|Any CPU
		{E0A141A0-B376-4F0D-937E-1A0E43142EC8}.Release|Any CPU.Build.0 = Release|Any CPU
		{E0A141A0-B376-4F0D-937E-1A0E43142EC8}.Release|ARM.ActiveCfg = Release|Any CPU
		{E0A141A0-B376-4F0D-937E-1A0E43142EC8}.Release|ARM.Build.0 = Release|Any CPU
		{E0A141A0-B376-4F0D-937E-1A0E43142EC8}.Release|x64.ActiveCfg = Release|Any CPU
		{E0A141A0-B376-4F0D-937E-1A0E43142EC8}.Release|x64.Build.0 = Release|Any CPU
		{E0A141A0-B376-4F0D-937E-1A0E43142EC8}.Release|x86.ActiveCfg = Release|Any CPU
		{E0A141A0-B376-4F0D-937E-1A0E43142EC8}.Release|x86.Build.0 = Release|Any CPU
	EndGlobalSection
	GlobalSection(SolutionProperties) = preSolution
		HideSolutionNode = FALSE
	EndGlobalSection
	GlobalSection(ExtensibilityGlobals) = postSolution
		SolutionGuid = {EE72FECE-B6AE-4637-96EC-67BADD302568}
	EndGlobalSection
EndGlobal
