
Microsoft Visual Studio Solution File, Format Version 12.00
# Visual Studio 15
VisualStudioVersion = 15.0.26730.10
MinimumVisualStudioVersion = 10.0.40219.1
Project("{FAE04EC0-301F-11D3-BF4B-00C04F79EFBC}") = "moeBot", "moeBot\moeBot.csproj", "{20D01278-C6DC-437C-B8FE-5FF1ED9B0038}"
EndProject
Global
	GlobalSection(SolutionConfigurationPlatforms) = preSolution
		Debug|Any CPU = Debug|Any CPU
		Release|Any CPU = Release|Any CPU
	EndGlobalSection
	GlobalSection(ProjectConfigurationPlatforms) = postSolution
		{20D01278-C6DC-437C-B8FE-5FF1ED9B0038}.Debug|Any CPU.ActiveCfg = Debug|Any CPU
		{20D01278-C6DC-437C-B8FE-5FF1ED9B0038}.Debug|Any CPU.Build.0 = Debug|Any CPU
		{20D01278-C6DC-437C-B8FE-5FF1ED9B0038}.Release|Any CPU.ActiveCfg = Release|Any CPU
		{20D01278-C6DC-437C-B8FE-5FF1ED9B0038}.Release|Any CPU.Build.0 = Release|Any CPU
	EndGlobalSection
	GlobalSection(SolutionProperties) = preSolution
		HideSolutionNode = FALSE
	EndGlobalSection
	GlobalSection(ExtensibilityGlobals) = postSolution
		SolutionGuid = {EE72FECE-B6AE-4637-96EC-67BADD302568}
	EndGlobalSection
EndGlobal
